
Microsoft Visual Studio Solution File, Format Version 12.00
# Visual Studio 15
VisualStudioVersion = 15.0.27703.2000
MinimumVisualStudioVersion = 10.0.40219.1
Project("{FAE04EC0-301F-11D3-BF4B-00C04F79EFBC}") = "MusicBox", "MusicBox\MusicBox.csproj", "{777D76EB-4DD2-4DC4-B686-9A0C1E3995CA}"
EndProject
Global
	GlobalSection(SolutionConfigurationPlatforms) = preSolution
		Debug|Any CPU = Debug|Any CPU
		Release|Any CPU = Release|Any CPU
	EndGlobalSection
	GlobalSection(ProjectConfigurationPlatforms) = postSolution
		{777D76EB-4DD2-4DC4-B686-9A0C1E3995CA}.Debug|Any CPU.ActiveCfg = Debug|Any CPU
		{777D76EB-4DD2-4DC4-B686-9A0C1E3995CA}.Debug|Any CPU.Build.0 = Debug|Any CPU
		{777D76EB-4DD2-4DC4-B686-9A0C1E3995CA}.Release|Any CPU.ActiveCfg = Release|Any CPU
		{777D76EB-4DD2-4DC4-B686-9A0C1E3995CA}.Release|Any CPU.Build.0 = Release|Any CPU
	EndGlobalSection
	GlobalSection(SolutionProperties) = preSolution
		HideSolutionNode = FALSE
	EndGlobalSection
	GlobalSection(ExtensibilityGlobals) = postSolution
		SolutionGuid = {01F453C4-74A3-4899-A3B2-7A27BBDC3334}
	EndGlobalSection
EndGlobal
